lockfileVersion: '6.0'

dependencies:
  '@am92/jose-crypto-subtle':
    specifier: ^1.1.0
    version: 1.1.0
  axios:
    specifier: ^1.4.0
    version: 1.4.0
  axios-retry:
    specifier: ^3.4.0
    version: 3.4.0
  nanoid:
    specifier: ^4.0.2
    version: 4.0.2
  uuid:
    specifier: ^9.0.0
    version: 9.0.0

devDependencies:
  '@types/node':
    specifier: ^20.1.7
    version: 20.1.7

packages:

  /@am92/jose-crypto-subtle@1.1.0:
    resolution: {integrity: sha512-EFdbHowPFJ+oTyKtAle/xe7JXYQHUYeRo6DiPk1/kphDxtOCGn5SpcAzf2ztxUIoc04hJOSlK1aFSuAkZhQIGw==}
    dev: false

  /@babel/runtime@7.21.5:
    resolution: {integrity: sha512-8jI69toZqqcsnqGGqwGS4Qb1VwLOEp4hz+CXPywcvjs60u3B4Pom/U/7rm4W8tMOYEB+E9wgD0mW1l3r8qlI9Q==}
    engines: {node: '>=6.9.0'}
    dependencies:
      regenerator-runtime: 0.13.11
    dev: false

  /@types/node@20.1.7:
    resolution: {integrity: sha512-WCuw/o4GSwDGMoonES8rcvwsig77dGCMbZDrZr2x4ZZiNW4P/gcoZXe/0twgtobcTkmg9TuKflxYL/DuwDyJzg==}
    dev: true

  /asynckit@0.4.0:
    resolution: {integrity: sha512-Oei9OH4tRh0YqU3GxhX79dM/mwVgvbZJaSNaRk+bshkj0S5cfHcgYakreBjrHwatXKbz+IoIdYLxrKim2MjW0Q==}
    dev: false

  /axios-retry@3.4.0:
    resolution: {integrity: sha512-VdgaP+gHH4iQYCCNUWF2pcqeciVOdGrBBAYUfTY+wPcO5Ltvp/37MLFNCmJKo7Gj3SHvCSdL8ouI1qLYJN3liA==}
    dependencies:
      '@babel/runtime': 7.21.5
      is-retry-allowed: 2.2.0
    dev: false

  /axios@1.4.0:
    resolution: {integrity: sha512-S4XCWMEmzvo64T9GfvQDOXgYRDJ/wsSZc7Jvdgx5u1sd0JwsuPLqb3SYmusag+edF6ziyMensPVqLTSc1PiSEA==}
    dependencies:
      follow-redirects: 1.15.2
      form-data: 4.0.0
      proxy-from-env: 1.1.0
    transitivePeerDependencies:
      - debug
    dev: false

  /combined-stream@1.0.8:
    resolution: {integrity: sha512-FQN4MRfuJeHf7cBbBMJFXhKSDq+2kAArBlmRBvcvFE5BB1HZKXtSFASDhdlz9zOYwxh8lDdnvmMOe/+5cdoEdg==}
    engines: {node: '>= 0.8'}
    dependencies:
      delayed-stream: 1.0.0
    dev: false

  /delayed-stream@1.0.0:
    resolution: {integrity: sha512-ZySD7Nf91aLB0RxL4KGrKHBXl7Eds1DAmEdcoVawXnLD7SDhpNgtuII2aAkg7a7QS41jxPSZ17p4VdGnMHk3MQ==}
    engines: {node: '>=0.4.0'}
    dev: false

  /follow-redirects@1.15.2:
    resolution: {integrity: sha512-VQLG33o04KaQ8uYi2tVNbdrWp1QWxNNea+nmIB4EVM28v0hmP17z7aG1+wAkNzVq4KeXTq3221ye5qTJP91JwA==}
    engines: {node: '>=4.0'}
    peerDependencies:
      debug: '*'
    peerDependenciesMeta:
      debug:
        optional: true
    dev: false

  /form-data@4.0.0:
    resolution: {integrity: sha512-ETEklSGi5t0QMZuiXoA/Q6vcnxcLQP5vdugSpuAyi6SVGi2clPPp+xgEhuMaHC+zGgn31Kd235W35f7Hykkaww==}
    engines: {node: '>= 6'}
    dependencies:
      asynckit: 0.4.0
      combined-stream: 1.0.8
      mime-types: 2.1.35
    dev: false

  /is-retry-allowed@2.2.0:
    resolution: {integrity: sha512-XVm7LOeLpTW4jV19QSH38vkswxoLud8sQ57YwJVTPWdiaI9I8keEhGFpBlslyVsgdQy4Opg8QOLb8YRgsyZiQg==}
    engines: {node: '>=10'}
    dev: false

  /mime-db@1.52.0:
    resolution: {integrity: sha512-sPU4uV7dYlvtWJxwwxHD0PuihVNiE7TyAbQ5SWxDCB9mUYvOgroQOwYQQOKPJ8CIbE+1ETVlOoK1UC2nU3gYvg==}
    engines: {node: '>= 0.6'}
    dev: false

  /mime-types@2.1.35:
    resolution: {integrity: sha512-ZDY+bPm5zTTF+YpCrAU9nK0UgICYPT0QtT1NZWFv4s++TNkcgVaT0g6+4R2uI4MjQjzysHB1zxuWL50hzaeXiw==}
    engines: {node: '>= 0.6'}
    dependencies:
      mime-db: 1.52.0
    dev: false

  /nanoid@4.0.2:
    resolution: {integrity: sha512-7ZtY5KTCNheRGfEFxnedV5zFiORN1+Y1N6zvPTnHQd8ENUvfaDBeuJDZb2bN/oXwXxu3qkTXDzy57W5vAmDTBw==}
    engines: {node: ^14 || ^16 || >=18}
    hasBin: true
    dev: false

  /proxy-from-env@1.1.0:
    resolution: {integrity: sha512-D+zkORCbA9f1tdWRK0RaCR3GPv50cMxcrz4X8k5LTSUD1Dkw47mKJEZQNunItRTkWwgtaUSo1RVFRIG9ZXiFYg==}
    dev: false

  /regenerator-runtime@0.13.11:
    resolution: {integrity: sha512-kY1AZVr2Ra+t+piVaJ4gxaFaReZVH40AKNo7UCX6W+dEwBo/2oZJzqfuN1qLq1oL45o56cPaTXELwrTh8Fpggg==}
    dev: false

  /uuid@9.0.0:
    resolution: {integrity: sha512-MXcSTerfPa4uqyzStbRoTgt5XIe3x5+42+q1sDuy3R5MDk66URdLMOZe5aPX/SQd+kuYAh0FdP/pO28IkQyTeg==}
    hasBin: true
    dev: false
