# This file is generated by running "yarn install" inside your project.
# Manual changes might be lost - proceed with caution!

__metadata:
  version: 6
  cacheKey: 8

"@am92/jose-crypto-subtle@npm:^0.0.2":
  version: 0.0.2
  resolution: "@am92/jose-crypto-subtle@npm:0.0.2"
  checksum: 76741ee27a4e5ae808de59805b8583de7f3a2372253dab32094fab61e9cfea72f1ddfd4f01ec366548fa79dc0d22367aeb35a9b19ea76cf47b19157fb0ecbb0e
  languageName: node
  linkType: hard

"@am92/web-http@workspace:.":
  version: 0.0.0-use.local
  resolution: "@am92/web-http@workspace:."
  dependencies:
    "@am92/jose-crypto-subtle": ^0.0.2
    "@types/node": ^18.14.6
    axios: ^1.3.3
    axios-retry: ^3.4.0
    uuid: ^9.0.0
  languageName: unknown
  linkType: soft

"@babel/runtime@npm:^7.15.4":
  version: 7.21.0
  resolution: "@babel/runtime@npm:7.21.0"
  dependencies:
    regenerator-runtime: ^0.13.11
  checksum: 7b33e25bfa9e0e1b9e8828bb61b2d32bdd46b41b07ba7cb43319ad08efc6fda8eb89445193e67d6541814627df0ca59122c0ea795e412b99c5183a0540d338ab
  languageName: node
  linkType: hard

"@types/node@npm:^18.14.6":
  version: 18.16.0
  resolution: "@types/node@npm:18.16.0"
  checksum: 63e0042136663b9e85ce503a4c65406cc6621fdba63ea66c74b4b1364a9aa9bdb57cadcb76696abab177f38a819b0fa6ace9e7f1647dcb990aedb1b4bd01012f
  languageName: node
  linkType: hard

"asynckit@npm:^0.4.0":
  version: 0.4.0
  resolution: "asynckit@npm:0.4.0"
  checksum: 7b78c451df768adba04e2d02e63e2d0bf3b07adcd6e42b4cf665cb7ce899bedd344c69a1dcbce355b5f972d597b25aaa1c1742b52cffd9caccb22f348114f6be
  languageName: node
  linkType: hard

"axios-retry@npm:^3.4.0":
  version: 3.4.0
  resolution: "axios-retry@npm:3.4.0"
  dependencies:
    "@babel/runtime": ^7.15.4
    is-retry-allowed: ^2.2.0
  checksum: fae18aeef220cfde22f93ed663d644e1a913a5cfc9760904ffd7a7e5ec8c7fbd53a58e1be461b6b30de19dce178823630655bcb77a487e17000f5e977ef94a2e
  languageName: node
  linkType: hard

"axios@npm:^1.3.3":
  version: 1.3.6
  resolution: "axios@npm:1.3.6"
  dependencies:
    follow-redirects: ^1.15.0
    form-data: ^4.0.0
    proxy-from-env: ^1.1.0
  checksum: c90497ebf738723654a6e80147dc294186ad9d7b08f95f5a22fd48f826c7e06a576229b8dff3137195ca627349a4312e00fa78e4f1c499250b9860596adef44a
  languageName: node
  linkType: hard

"combined-stream@npm:^1.0.8":
  version: 1.0.8
  resolution: "combined-stream@npm:1.0.8"
  dependencies:
    delayed-stream: ~1.0.0
  checksum: 49fa4aeb4916567e33ea81d088f6584749fc90c7abec76fd516bf1c5aa5c79f3584b5ba3de6b86d26ddd64bae5329c4c7479343250cfe71c75bb366eae53bb7c
  languageName: node
  linkType: hard

"delayed-stream@npm:~1.0.0":
  version: 1.0.0
  resolution: "delayed-stream@npm:1.0.0"
  checksum: 46fe6e83e2cb1d85ba50bd52803c68be9bd953282fa7096f51fc29edd5d67ff84ff753c51966061e5ba7cb5e47ef6d36a91924eddb7f3f3483b1c560f77a0020
  languageName: node
  linkType: hard

"follow-redirects@npm:^1.15.0":
  version: 1.15.2
  resolution: "follow-redirects@npm:1.15.2"
  peerDependenciesMeta:
    debug:
      optional: true
  checksum: faa66059b66358ba65c234c2f2a37fcec029dc22775f35d9ad6abac56003268baf41e55f9ee645957b32c7d9f62baf1f0b906e68267276f54ec4b4c597c2b190
  languageName: node
  linkType: hard

"form-data@npm:^4.0.0":
  version: 4.0.0
  resolution: "form-data@npm:4.0.0"
  dependencies:
    asynckit: ^0.4.0
    combined-stream: ^1.0.8
    mime-types: ^2.1.12
  checksum: 01135bf8675f9d5c61ff18e2e2932f719ca4de964e3be90ef4c36aacfc7b9cb2fceb5eca0b7e0190e3383fe51c5b37f4cb80b62ca06a99aaabfcfd6ac7c9328c
  languageName: node
  linkType: hard

"is-retry-allowed@npm:^2.2.0":
  version: 2.2.0
  resolution: "is-retry-allowed@npm:2.2.0"
  checksum: 3d1103a9290b5d03626756a41054844633eac78bc5d3e3a95b13afeae94fa3cfbcf7f0b5520d83f75f48a25ce7b142fdbac4217dc4b0630f3ea55e866ec3a029
  languageName: node
  linkType: hard

"mime-db@npm:1.52.0":
  version: 1.52.0
  resolution: "mime-db@npm:1.52.0"
  checksum: 0d99a03585f8b39d68182803b12ac601d9c01abfa28ec56204fa330bc9f3d1c5e14beb049bafadb3dbdf646dfb94b87e24d4ec7b31b7279ef906a8ea9b6a513f
  languageName: node
  linkType: hard

"mime-types@npm:^2.1.12":
  version: 2.1.35
  resolution: "mime-types@npm:2.1.35"
  dependencies:
    mime-db: 1.52.0
  checksum: 89a5b7f1def9f3af5dad6496c5ed50191ae4331cc5389d7c521c8ad28d5fdad2d06fd81baf38fed813dc4e46bb55c8145bb0ff406330818c9cf712fb2e9b3836
  languageName: node
  linkType: hard

"proxy-from-env@npm:^1.1.0":
  version: 1.1.0
  resolution: "proxy-from-env@npm:1.1.0"
  checksum: ed7fcc2ba0a33404958e34d95d18638249a68c430e30fcb6c478497d72739ba64ce9810a24f53a7d921d0c065e5b78e3822759800698167256b04659366ca4d4
  languageName: node
  linkType: hard

"regenerator-runtime@npm:^0.13.11":
  version: 0.13.11
  resolution: "regenerator-runtime@npm:0.13.11"
  checksum: 27481628d22a1c4e3ff551096a683b424242a216fee44685467307f14d58020af1e19660bf2e26064de946bad7eff28950eae9f8209d55723e2d9351e632bbb4
  languageName: node
  linkType: hard

"uuid@npm:^9.0.0":
  version: 9.0.0
  resolution: "uuid@npm:9.0.0"
  bin:
    uuid: dist/bin/uuid
  checksum: 8dd2c83c43ddc7e1c71e36b60aea40030a6505139af6bee0f382ebcd1a56f6cd3028f7f06ffb07f8cf6ced320b76aea275284b224b002b289f89fe89c389b028
  languageName: node
  linkType: hard
